
Microsoft Visual Studio Solution File, Format Version 12.00
# Visual Studio Version 17
VisualStudioVersion = 17.0.31903.59
MinimumVisualStudioVersion = 10.0.40219.1
Project("{2150E333-8FDC-42A3-9474-1A3956D46DE8}") = "src", "src", "{827E0CD3-B72D-47B6-A68D-7590B98EB39B}"
EndProject
Project("{FAE04EC0-301F-11D3-BF4B-00C04F79EFBC}") = "WildBunch.Domain", "src\WildBunch.Domain\WildBunch.Domain.csproj", "{BC8ADC25-5509-459B-8721-E70E6266A1FC}"
EndProject
Project("{FAE04EC0-301F-11D3-BF4B-00C04F79EFBC}") = "WildBunch.Application", "src\WildBunch.Application\WildBunch.Application.csproj", "{01AE0DFA-AB19-4ED0-9BFE-84BA34803A79}"
EndProject
Project("{FAE04EC0-301F-11D3-BF4B-00C04F79EFBC}") = "WildBunch.Persistence", "src\WildBunch.Persistence\WildBunch.Persistence.csproj", "{1E4BDC4A-17AA-45F9-B66B-849050BD159E}"
EndProject
Project("{FAE04EC0-301F-11D3-BF4B-00C04F79EFBC}") = "WildBunch.GameContent", "src\WildBunch.GameContent\WildBunch.GameContent.csproj", "{C231F94F-30DC-48FE-AEAF-091A3A7681F0}"
EndProject
Project("{FAE04EC0-301F-11D3-BF4B-00C04F79EFBC}") = "WildBunch.Api", "src\WildBunch.Api\WildBunch.Api.csproj", "{34512073-C93D-47D4-AFA3-B45D4CA93B65}"
EndProject
Project("{2150E333-8FDC-42A3-9474-1A3956D46DE8}") = "tests", "tests", "{0AB3BF05-4346-4AA6-1389-037BE0695223}"
EndProject
Project("{FAE04EC0-301F-11D3-BF4B-00C04F79EFBC}") = "WildBunch.Domain.Tests", "tests\WildBunch.Domain.Tests\WildBunch.Domain.Tests.csproj", "{D875B000-8A9E-4348-86B3-685361658D41}"
EndProject
Project("{FAE04EC0-301F-11D3-BF4B-00C04F79EFBC}") = "WildBunch.Application.Tests", "tests\WildBunch.Application.Tests\WildBunch.Application.Tests.csproj", "{BFFE114B-C46F-40D1-B5A0-64A4875CF3D1}"
EndProject
Project("{FAE04EC0-301F-11D3-BF4B-00C04F79EFBC}") = "WildBunch.Integration.Tests", "tests\WildBunch.Integration.Tests\WildBunch.Integration.Tests.csproj", "{0040890E-55AD-427E-93D7-C2726F4A4F24}"
EndProject
Project("{FAE04EC0-301F-11D3-BF4B-00C04F79EFBC}") = "WildBunch.GameContent.Tests", "tests\WildBunch.GameContent.Tests\WildBunch.GameContent.Tests.csproj", "{55FA800F-296F-4969-855C-30E0B6BD635C}"
EndProject
Project("{FAE04EC0-301F-11D3-BF4B-00C04F79EFBC}") = "WildBunch.Api.Tests", "tests\WildBunch.Api.Tests\WildBunch.Api.Tests.csproj", "{9F89C97C-41E9-4334-8EFF-0844B0A4EFF7}"
EndProject
Global
	GlobalSection(SolutionConfigurationPlatforms) = preSolution
		Debug|Any CPU = Debug|Any CPU
		Debug|x64 = Debug|x64
		Debug|x86 = Debug|x86
		Release|Any CPU = Release|Any CPU
		Release|x64 = Release|x64
		Release|x86 = Release|x86
	EndGlobalSection
	GlobalSection(ProjectConfigurationPlatforms) = postSolution
		{BC8ADC25-5509-459B-8721-E70E6266A1FC}.Debug|Any CPU.ActiveCfg = Debug|Any CPU
		{BC8ADC25-5509-459B-8721-E70E6266A1FC}.Debug|Any CPU.Build.0 = Debug|Any CPU
		{BC8ADC25-5509-459B-8721-E70E6266A1FC}.Debug|x64.ActiveCfg = Debug|Any CPU
		{BC8ADC25-5509-459B-8721-E70E6266A1FC}.Debug|x64.Build.0 = Debug|Any CPU
		{BC8ADC25-5509-459B-8721-E70E6266A1FC}.Debug|x86.ActiveCfg = Debug|Any CPU
		{BC8ADC25-5509-459B-8721-E70E6266A1FC}.Debug|x86.Build.0 = Debug|Any CPU
		{BC8ADC25-5509-459B-8721-E70E6266A1FC}.Release|Any CPU.ActiveCfg = Release|Any CPU
		{BC8ADC25-5509-459B-8721-E70E6266A1FC}.Release|Any CPU.Build.0 = Release|Any CPU
		{BC8ADC25-5509-459B-8721-E70E6266A1FC}.Release|x64.ActiveCfg = Release|Any CPU
		{BC8ADC25-5509-459B-8721-E70E6266A1FC}.Release|x64.Build.0 = Release|Any CPU
		{BC8ADC25-5509-459B-8721-E70E6266A1FC}.Release|x86.ActiveCfg = Release|Any CPU
		{BC8ADC25-5509-459B-8721-E70E6266A1FC}.Release|x86.Build.0 = Release|Any CPU
		{01AE0DFA-AB19-4ED0-9BFE-84BA34803A79}.Debug|Any CPU.ActiveCfg = Debug|Any CPU
		{01AE0DFA-AB19-4ED0-9BFE-84BA34803A79}.Debug|Any CPU.Build.0 = Debug|Any CPU
		{01AE0DFA-AB19-4ED0-9BFE-84BA34803A79}.Debug|x64.ActiveCfg = Debug|Any CPU
		{01AE0DFA-AB19-4ED0-9BFE-84BA34803A79}.Debug|x64.Build.0 = Debug|Any CPU
		{01AE0DFA-AB19-4ED0-9BFE-84BA34803A79}.Debug|x86.ActiveCfg = Debug|Any CPU
		{01AE0DFA-AB19-4ED0-9BFE-84BA34803A79}.Debug|x86.Build.0 = Debug|Any CPU
		{01AE0DFA-AB19-4ED0-9BFE-84BA34803A79}.Release|Any CPU.ActiveCfg = Release|Any CPU
		{01AE0DFA-AB19-4ED0-9BFE-84BA34803A79}.Release|Any CPU.Build.0 = Release|Any CPU
		{01AE0DFA-AB19-4ED0-9BFE-84BA34803A79}.Release|x64.ActiveCfg = Release|Any CPU
		{01AE0DFA-AB19-4ED0-9BFE-84BA34803A79}.Release|x64.Build.0 = Release|Any CPU
		{01AE0DFA-AB19-4ED0-9BFE-84BA34803A79}.Release|x86.ActiveCfg = Release|Any CPU
		{01AE0DFA-AB19-4ED0-9BFE-84BA34803A79}.Release|x86.Build.0 = Release|Any CPU
		{1E4BDC4A-17AA-45F9-B66B-849050BD159E}.Debug|Any CPU.ActiveCfg = Debug|Any CPU
		{1E4BDC4A-17AA-45F9-B66B-849050BD159E}.Debug|Any CPU.Build.0 = Debug|Any CPU
		{1E4BDC4A-17AA-45F9-B66B-849050BD159E}.Debug|x64.ActiveCfg = Debug|Any CPU
		{1E4BDC4A-17AA-45F9-B66B-849050BD159E}.Debug|x64.Build.0 = Debug|Any CPU
		{1E4BDC4A-17AA-45F9-B66B-849050BD159E}.Debug|x86.ActiveCfg = Debug|Any CPU
		{1E4BDC4A-17AA-45F9-B66B-849050BD159E}.Debug|x86.Build.0 = Debug|Any CPU
		{1E4BDC4A-17AA-45F9-B66B-849050BD159E}.Release|Any CPU.ActiveCfg = Release|Any CPU
		{1E4BDC4A-17AA-45F9-B66B-849050BD159E}.Release|Any CPU.Build.0 = Release|Any CPU
		{1E4BDC4A-17AA-45F9-B66B-849050BD159E}.Release|x64.ActiveCfg = Release|Any CPU
		{1E4BDC4A-17AA-45F9-B66B-849050BD159E}.Release|x64.Build.0 = Release|Any CPU
		{1E4BDC4A-17AA-45F9-B66B-849050BD159E}.Release|x86.ActiveCfg = Release|Any CPU
		{1E4BDC4A-17AA-45F9-B66B-849050BD159E}.Release|x86.Build.0 = Release|Any CPU
		{C231F94F-30DC-48FE-AEAF-091A3A7681F0}.Debug|Any CPU.ActiveCfg = Debug|Any CPU
		{C231F94F-30DC-48FE-AEAF-091A3A7681F0}.Debug|Any CPU.Build.0 = Debug|Any CPU
		{C231F94F-30DC-48FE-AEAF-091A3A7681F0}.Debug|x64.ActiveCfg = Debug|Any CPU
		{C231F94F-30DC-48FE-AEAF-091A3A7681F0}.Debug|x64.Build.0 = Debug|Any CPU
		{C231F94F-30DC-48FE-AEAF-091A3A7681F0}.Debug|x86.ActiveCfg = Debug|Any CPU
		{C231F94F-30DC-48FE-AEAF-091A3A7681F0}.Debug|x86.Build.0 = Debug|Any CPU
		{C231F94F-30DC-48FE-AEAF-091A3A7681F0}.Release|Any CPU.ActiveCfg = Release|Any CPU
		{C231F94F-30DC-48FE-AEAF-091A3A7681F0}.Release|Any CPU.Build.0 = Release|Any CPU
		{C231F94F-30DC-48FE-AEAF-091A3A7681F0}.Release|x64.ActiveCfg = Release|Any CPU
		{C231F94F-30DC-48FE-AEAF-091A3A7681F0}.Release|x64.Build.0 = Release|Any CPU
		{C231F94F-30DC-48FE-AEAF-091A3A7681F0}.Release|x86.ActiveCfg = Release|Any CPU
		{C231F94F-30DC-48FE-AEAF-091A3A7681F0}.Release|x86.Build.0 = Release|Any CPU
		{34512073-C93D-47D4-AFA3-B45D4CA93B65}.Debug|Any CPU.ActiveCfg = Debug|Any CPU
		{34512073-C93D-47D4-AFA3-B45D4CA93B65}.Debug|Any CPU.Build.0 = Debug|Any CPU
		{34512073-C93D-47D4-AFA3-B45D4CA93B65}.Debug|x64.ActiveCfg = Debug|Any CPU
		{34512073-C93D-47D4-AFA3-B45D4CA93B65}.Debug|x64.Build.0 = Debug|Any CPU
		{34512073-C93D-47D4-AFA3-B45D4CA93B65}.Debug|x86.ActiveCfg = Debug|Any CPU
		{34512073-C93D-47D4-AFA3-B45D4CA93B65}.Debug|x86.Build.0 = Debug|Any CPU
		{34512073-C93D-47D4-AFA3-B45D4CA93B65}.Release|Any CPU.ActiveCfg = Release|Any CPU
		{34512073-C93D-47D4-AFA3-B45D4CA93B65}.Release|Any CPU.Build.0 = Release|Any CPU
		{34512073-C93D-47D4-AFA3-B45D4CA93B65}.Release|x64.ActiveCfg = Release|Any CPU
		{34512073-C93D-47D4-AFA3-B45D4CA93B65}.Release|x64.Build.0 = Release|Any CPU
		{34512073-C93D-47D4-AFA3-B45D4CA93B65}.Release|x86.ActiveCfg = Release|Any CPU
		{34512073-C93D-47D4-AFA3-B45D4CA93B65}.Release|x86.Build.0 = Release|Any CPU
		{D875B000-8A9E-4348-86B3-685361658D41}.Debug|Any CPU.ActiveCfg = Debug|Any CPU
		{D875B000-8A9E-4348-86B3-685361658D41}.Debug|Any CPU.Build.0 = Debug|Any CPU
		{D875B000-8A9E-4348-86B3-685361658D41}.Debug|x64.ActiveCfg = Debug|Any CPU
		{D875B000-8A9E-4348-86B3-685361658D41}.Debug|x64.Build.0 = Debug|Any CPU
		{D875B000-8A9E-4348-86B3-685361658D41}.Debug|x86.ActiveCfg = Debug|Any CPU
		{D875B000-8A9E-4348-86B3-685361658D41}.Debug|x86.Build.0 = Debug|Any CPU
		{D875B000-8A9E-4348-86B3-685361658D41}.Release|Any CPU.ActiveCfg = Release|Any CPU
		{D875B000-8A9E-4348-86B3-685361658D41}.Release|Any CPU.Build.0 = Release|Any CPU
		{D875B000-8A9E-4348-86B3-685361658D41}.Release|x64.ActiveCfg = Release|Any CPU
		{D875B000-8A9E-4348-86B3-685361658D41}.Release|x64.Build.0 = Release|Any CPU
		{D875B000-8A9E-4348-86B3-685361658D41}.Release|x86.ActiveCfg = Release|Any CPU
		{D875B000-8A9E-4348-86B3-685361658D41}.Release|x86.Build.0 = Release|Any CPU
		{BFFE114B-C46F-40D1-B5A0-64A4875CF3D1}.Debug|Any CPU.ActiveCfg = Debug|Any CPU
		{BFFE114B-C46F-40D1-B5A0-64A4875CF3D1}.Debug|Any CPU.Build.0 = Debug|Any CPU
		{BFFE114B-C46F-40D1-B5A0-64A4875CF3D1}.Debug|x64.ActiveCfg = Debug|Any CPU
		{BFFE114B-C46F-40D1-B5A0-64A4875CF3D1}.Debug|x64.Build.0 = Debug|Any CPU
		{BFFE114B-C46F-40D1-B5A0-64A4875CF3D1}.Debug|x86.ActiveCfg = Debug|Any CPU
		{BFFE114B-C46F-40D1-B5A0-64A4875CF3D1}.Debug|x86.Build.0 = Debug|Any CPU
		{BFFE114B-C46F-40D1-B5A0-64A4875CF3D1}.Release|Any CPU.ActiveCfg = Release|Any CPU
		{BFFE114B-C46F-40D1-B5A0-64A4875CF3D1}.Release|Any CPU.Build.0 = Release|Any CPU
		{BFFE114B-C46F-40D1-B5A0-64A4875CF3D1}.Release|x64.ActiveCfg = Release|Any CPU
		{BFFE114B-C46F-40D1-B5A0-64A4875CF3D1}.Release|x64.Build.0 = Release|Any CPU
		{BFFE114B-C46F-40D1-B5A0-64A4875CF3D1}.Release|x86.ActiveCfg = Release|Any CPU
		{BFFE114B-C46F-40D1-B5A0-64A4875CF3D1}.Release|x86.Build.0 = Release|Any CPU
		{0040890E-55AD-427E-93D7-C2726F4A4F24}.Debug|Any CPU.ActiveCfg = Debug|Any CPU
		{0040890E-55AD-427E-93D7-C2726F4A4F24}.Debug|Any CPU.Build.0 = Debug|Any CPU
		{0040890E-55AD-427E-93D7-C2726F4A4F24}.Debug|x64.ActiveCfg = Debug|Any CPU
		{0040890E-55AD-427E-93D7-C2726F4A4F24}.Debug|x64.Build.0 = Debug|Any CPU
		{0040890E-55AD-427E-93D7-C2726F4A4F24}.Debug|x86.ActiveCfg = Debug|Any CPU
		{0040890E-55AD-427E-93D7-C2726F4A4F24}.Debug|x86.Build.0 = Debug|Any CPU
		{0040890E-55AD-427E-93D7-C2726F4A4F24}.Release|Any CPU.ActiveCfg = Release|Any CPU
		{0040890E-55AD-427E-93D7-C2726F4A4F24}.Release|Any CPU.Build.0 = Release|Any CPU
		{0040890E-55AD-427E-93D7-C2726F4A4F24}.Release|x64.ActiveCfg = Release|Any CPU
		{0040890E-55AD-427E-93D7-C2726F4A4F24}.Release|x64.Build.0 = Release|Any CPU
		{0040890E-55AD-427E-93D7-C2726F4A4F24}.Release|x86.ActiveCfg = Release|Any CPU
		{0040890E-55AD-427E-93D7-C2726F4A4F24}.Release|x86.Build.0 = Release|Any CPU
		{55FA800F-296F-4969-855C-30E0B6BD635C}.Debug|Any CPU.ActiveCfg = Debug|Any CPU
		{55FA800F-296F-4969-855C-30E0B6BD635C}.Debug|Any CPU.Build.0 = Debug|Any CPU
		{55FA800F-296F-4969-855C-30E0B6BD635C}.Debug|x64.ActiveCfg = Debug|Any CPU
		{55FA800F-296F-4969-855C-30E0B6BD635C}.Debug|x64.Build.0 = Debug|Any CPU
		{55FA800F-296F-4969-855C-30E0B6BD635C}.Debug|x86.ActiveCfg = Debug|Any CPU
		{55FA800F-296F-4969-855C-30E0B6BD635C}.Debug|x86.Build.0 = Debug|Any CPU
		{55FA800F-296F-4969-855C-30E0B6BD635C}.Release|Any CPU.ActiveCfg = Release|Any CPU
		{55FA800F-296F-4969-855C-30E0B6BD635C}.Release|Any CPU.Build.0 = Release|Any CPU
		{55FA800F-296F-4969-855C-30E0B6BD635C}.Release|x64.ActiveCfg = Release|Any CPU
		{55FA800F-296F-4969-855C-30E0B6BD635C}.Release|x64.Build.0 = Release|Any CPU
		{55FA800F-296F-4969-855C-30E0B6BD635C}.Release|x86.ActiveCfg = Release|Any CPU
		{55FA800F-296F-4969-855C-30E0B6BD635C}.Release|x86.Build.0 = Release|Any CPU
		{9F89C97C-41E9-4334-8EFF-0844B0A4EFF7}.Debug|Any CPU.ActiveCfg = Debug|Any CPU
		{9F89C97C-41E9-4334-8EFF-0844B0A4EFF7}.Debug|Any CPU.Build.0 = Debug|Any CPU
		{9F89C97C-41E9-4334-8EFF-0844B0A4EFF7}.Debug|x64.ActiveCfg = Debug|Any CPU
		{9F89C97C-41E9-4334-8EFF-0844B0A4EFF7}.Debug|x64.Build.0 = Debug|Any CPU
		{9F89C97C-41E9-4334-8EFF-0844B0A4EFF7}.Debug|x86.ActiveCfg = Debug|Any CPU
		{9F89C97C-41E9-4334-8EFF-0844B0A4EFF7}.Debug|x86.Build.0 = Debug|Any CPU
		{9F89C97C-41E9-4334-8EFF-0844B0A4EFF7}.Release|Any CPU.ActiveCfg = Release|Any CPU
		{9F89C97C-41E9-4334-8EFF-0844B0A4EFF7}.Release|Any CPU.Build.0 = Release|Any CPU
		{9F89C97C-41E9-4334-8EFF-0844B0A4EFF7}.Release|x64.ActiveCfg = Release|Any CPU
		{9F89C97C-41E9-4334-8EFF-0844B0A4EFF7}.Release|x64.Build.0 = Release|Any CPU
		{9F89C97C-41E9-4334-8EFF-0844B0A4EFF7}.Release|x86.ActiveCfg = Release|Any CPU
		{9F89C97C-41E9-4334-8EFF-0844B0A4EFF7}.Release|x86.Build.0 = Release|Any CPU
	EndGlobalSection
	GlobalSection(SolutionProperties) = preSolution
		HideSolutionNode = FALSE
	EndGlobalSection
	GlobalSection(NestedProjects) = preSolution
		{BC8ADC25-5509-459B-8721-E70E6266A1FC} = {827E0CD3-B72D-47B6-A68D-7590B98EB39B}
		{01AE0DFA-AB19-4ED0-9BFE-84BA34803A79} = {827E0CD3-B72D-47B6-A68D-7590B98EB39B}
		{1E4BDC4A-17AA-45F9-B66B-849050BD159E} = {827E0CD3-B72D-47B6-A68D-7590B98EB39B}
		{C231F94F-30DC-48FE-AEAF-091A3A7681F0} = {827E0CD3-B72D-47B6-A68D-7590B98EB39B}
		{34512073-C93D-47D4-AFA3-B45D4CA93B65} = {827E0CD3-B72D-47B6-A68D-7590B98EB39B}
		{D875B000-8A9E-4348-86B3-685361658D41} = {0AB3BF05-4346-4AA6-1389-037BE0695223}
		{BFFE114B-C46F-40D1-B5A0-64A4875CF3D1} = {0AB3BF05-4346-4AA6-1389-037BE0695223}
		{0040890E-55AD-427E-93D7-C2726F4A4F24} = {0AB3BF05-4346-4AA6-1389-037BE0695223}
		{55FA800F-296F-4969-855C-30E0B6BD635C} = {0AB3BF05-4346-4AA6-1389-037BE0695223}
		{9F89C97C-41E9-4334-8EFF-0844B0A4EFF7} = {0AB3BF05-4346-4AA6-1389-037BE0695223}
	EndGlobalSection
EndGlobal
